
Microsoft Visual Studio Solution File, Format Version 12.00
# Visual Studio Version 17
VisualStudioVersion = 17.10.34825.169
MinimumVisualStudioVersion = 10.0.40219.1
Project("{FAE04EC0-301F-11D3-BF4B-00C04F79EFBC}") = "muhasebeuygcalısma", "muhasebeuygcalısma\muhasebeuygcalısma.csproj", "{DD150161-B6F5-4B56-B2F8-91E690B5CF5B}"
EndProject
Project("{FAE04EC0-301F-11D3-BF4B-00C04F79EFBC}") = "Transaction", "Transaction\Transaction.csproj", "{046A374F-0C8A-45C9-9FCC-781FD262BC18}"
EndProject
Global
	GlobalSection(SolutionConfigurationPlatforms) = preSolution
		Debug|Any CPU = Debug|Any CPU
		Release|Any CPU = Release|Any CPU
	EndGlobalSection
	GlobalSection(ProjectConfigurationPlatforms) = postSolution
		{DD150161-B6F5-4B56-B2F8-91E690B5CF5B}.Debug|Any CPU.ActiveCfg = Debug|Any CPU
		{DD150161-B6F5-4B56-B2F8-91E690B5CF5B}.Debug|Any CPU.Build.0 = Debug|Any CPU
		{DD150161-B6F5-4B56-B2F8-91E690B5CF5B}.Release|Any CPU.ActiveCfg = Release|Any CPU
		{DD150161-B6F5-4B56-B2F8-91E690B5CF5B}.Release|Any CPU.Build.0 = Release|Any CPU
		{046A374F-0C8A-45C9-9FCC-781FD262BC18}.Debug|Any CPU.ActiveCfg = Debug|Any CPU
		{046A374F-0C8A-45C9-9FCC-781FD262BC18}.Debug|Any CPU.Build.0 = Debug|Any CPU
		{046A374F-0C8A-45C9-9FCC-781FD262BC18}.Release|Any CPU.ActiveCfg = Release|Any CPU
		{046A374F-0C8A-45C9-9FCC-781FD262BC18}.Release|Any CPU.Build.0 = Release|Any CPU
	EndGlobalSection
	GlobalSection(SolutionProperties) = preSolution
		HideSolutionNode = FALSE
	EndGlobalSection
	GlobalSection(ExtensibilityGlobals) = postSolution
		SolutionGuid = {5762E79C-7478-4E59-8BE1-F9FB3983E778}
	EndGlobalSection
EndGlobal
